// !$*UTF8*$!
{
	archiveVersion = 1;
	classes = {
	};
	objectVersion = 46;
	objects = {

/* Begin PBXBuildFile section */
		E2D9BF4D1EE2AB5B008AE7B8 /* main.cpp in Sources */ = {isa = PBXBuildFile; fileRef = E2D9BF461EE22B1B008AE7B8 /* main.cpp */; };
		E2D9BF521EE578B8008AE7B8 /* account.cpp in Sources */ = {isa = PBXBuildFile; fileRef = E2D9BF501EE578B8008AE7B8 /* account.cpp */; };
		E2D9BF541EE58DF0008AE7B8 /* worker.cpp in Sources */ = {isa = PBXBuildFile; fileRef = E2D9BF531EE58DF0008AE7B8 /* worker.cpp */; };
		E2D9BF561EE5ADDC008AE7B8 /* pool.cpp in Sources */ = {isa = PBXBuildFile; fileRef = E2D9BF551EE5ADDC008AE7B8 /* pool.cpp */; };
		E2D9BF581EE5F101008AE7B8 /* government.cpp in Sources */ = {isa = PBXBuildFile; fileRef = E2D9BF571EE5F101008AE7B8 /* government.cpp */; };
		E2D9BF5A1EE6AD35008AE7B8 /* firm.cpp in Sources */ = {isa = PBXBuildFile; fileRef = E2D9BF591EE6AD35008AE7B8 /* firm.cpp */; };
/* End PBXBuildFile section */

/* Begin PBXCopyFilesBuildPhase section */
		E2D9BF411EE22B1B008AE7B8 /* CopyFiles */ = {
			isa = PBXCopyFilesBuildPhase;
			buildActionMask = 2147483647;
			dstPath = /usr/share/man/man1/;
			dstSubfolderSpec = 0;
			files = (
			);
			runOnlyForDeploymentPostprocessing = 1;
		};
/* End PBXCopyFilesBuildPhase section */

/* Begin PBXFileReference section */
		E2D9BF431EE22B1B008AE7B8 /* Test Product */ = {isa = PBXFileReference; explicitFileType = "compiled.mach-o.executable"; includeInIndex = 0; path = "Test Product"; sourceTree = BUILT_PRODUCTS_DIR; };
		E2D9BF461EE22B1B008AE7B8 /* main.cpp */ = {isa = PBXFileReference; lastKnownFileType = sourcecode.cpp.cpp; path = main.cpp; sourceTree = "<group>"; };
		E2D9BF501EE578B8008AE7B8 /* account.cpp */ = {isa = PBXFileReference; fileEncoding = 4; lastKnownFileType = sourcecode.cpp.cpp; name = account.cpp; path = ../account.cpp; sourceTree = "<group>"; };
		E2D9BF511EE578B8008AE7B8 /* account.hpp */ = {isa = PBXFileReference; fileEncoding = 4; lastKnownFileType = sourcecode.cpp.h; name = account.hpp; path = ../account.hpp; sourceTree = "<group>"; };
		E2D9BF531EE58DF0008AE7B8 /* worker.cpp */ = {isa = PBXFileReference; fileEncoding = 4; lastKnownFileType = sourcecode.cpp.cpp; name = worker.cpp; path = ../worker.cpp; sourceTree = "<group>"; };
		E2D9BF551EE5ADDC008AE7B8 /* pool.cpp */ = {isa = PBXFileReference; fileEncoding = 4; lastKnownFileType = sourcecode.cpp.cpp; path = pool.cpp; sourceTree = "<group>"; };
		E2D9BF571EE5F101008AE7B8 /* government.cpp */ = {isa = PBXFileReference; fileEncoding = 4; lastKnownFileType = sourcecode.cpp.cpp; path = government.cpp; sourceTree = "<group>"; };
		E2D9BF591EE6AD35008AE7B8 /* firm.cpp */ = {isa = PBXFileReference; fileEncoding = 4; lastKnownFileType = sourcecode.cpp.cpp; path = firm.cpp; sourceTree = "<group>"; };
/* End PBXFileReference section */

/* Begin PBXFrameworksBuildPhase section */
		E2D9BF401EE22B1B008AE7B8 /* Frameworks */ = {
			isa = PBXFrameworksBuildPhase;
			buildActionMask = 2147483647;
			files = (
			);
			runOnlyForDeploymentPostprocessing = 0;
		};
/* End PBXFrameworksBuildPhase section */

/* Begin PBXGroup section */
		E2D9BF3A1EE22B1B008AE7B8 = {
			isa = PBXGroup;
			children = (
				E2D9BF451EE22B1B008AE7B8 /* Test Product */,
				E2D9BF441EE22B1B008AE7B8 /* Products */,
			);
			sourceTree = "<group>";
		};
		E2D9BF441EE22B1B008AE7B8 /* Products */ = {
			isa = PBXGroup;
			children = (
				E2D9BF431EE22B1B008AE7B8 /* Test Product */,
			);
			name = Products;
			sourceTree = "<group>";
		};
		E2D9BF451EE22B1B008AE7B8 /* Test Product */ = {
			isa = PBXGroup;
			children = (
				E2D9BF461EE22B1B008AE7B8 /* main.cpp */,
				E2D9BF501EE578B8008AE7B8 /* account.cpp */,
				E2D9BF511EE578B8008AE7B8 /* account.hpp */,
				E2D9BF591EE6AD35008AE7B8 /* firm.cpp */,
				E2D9BF571EE5F101008AE7B8 /* government.cpp */,
				E2D9BF551EE5ADDC008AE7B8 /* pool.cpp */,
				E2D9BF531EE58DF0008AE7B8 /* worker.cpp */,
			);
			path = "Test Product";
			sourceTree = "<group>";
		};
/* End PBXGroup section */

/* Begin PBXNativeTarget section */
		E2D9BF421EE22B1B008AE7B8 /* Test Product */ = {
			isa = PBXNativeTarget;
			buildConfigurationList = E2D9BF4A1EE22B1B008AE7B8 /* Build configuration list for PBXNativeTarget "Test Product" */;
			buildPhases = (
				E2D9BF3F1EE22B1B008AE7B8 /* Sources */,
				E2D9BF401EE22B1B008AE7B8 /* Frameworks */,
				E2D9BF411EE22B1B008AE7B8 /* CopyFiles */,
			);
			buildRules = (
			);
			dependencies = (
			);
			name = "Test Product";
			productName = "Test Product";
			productReference = E2D9BF431EE22B1B008AE7B8 /* Test Product */;
			productType = "com.apple.product-type.tool";
		};
/* End PBXNativeTarget section */

/* Begin PBXProject section */
		E2D9BF3B1EE22B1B008AE7B8 /* Project object */ = {
			isa = PBXProject;
			attributes = {
				LastUpgradeCheck = 0830;
				ORGANIZATIONNAME = "David Brown";
				TargetAttributes = {
					E2D9BF421EE22B1B008AE7B8 = {
						CreatedOnToolsVersion = 8.3.2;
						DevelopmentTeam = RY8QK375D9;
						ProvisioningStyle = Automatic;
					};
				};
			};
			buildConfigurationList = E2D9BF3E1EE22B1B008AE7B8 /* Build configuration list for PBXProject "Test Product" */;
			compatibilityVersion = "Xcode 3.2";
			developmentRegion = English;
			hasScannedForEncodings = 0;
			knownRegions = (
				en,
			);
			mainGroup = E2D9BF3A1EE22B1B008AE7B8;
			productRefGroup = E2D9BF441EE22B1B008AE7B8 /* Products */;
			projectDirPath = "";
			projectRoot = "";
			targets = (
				E2D9BF421EE22B1B008AE7B8 /* Test Product */,
			);
		};
/* End PBXProject section */

/* Begin PBXSourcesBuildPhase section */
		E2D9BF3F1EE22B1B008AE7B8 /* Sources */ = {
			isa = PBXSourcesBuildPhase;
			buildActionMask = 2147483647;
			files = (
				E2D9BF4D1EE2AB5B008AE7B8 /* main.cpp in Sources */,
				E2D9BF521EE578B8008AE7B8 /* account.cpp in Sources */,
				E2D9BF541EE58DF0008AE7B8 /* worker.cpp in Sources */,
				E2D9BF581EE5F101008AE7B8 /* government.cpp in Sources */,
				E2D9BF561EE5ADDC008AE7B8 /* pool.cpp in Sources */,
				E2D9BF5A1EE6AD35008AE7B8 /* firm.cpp in Sources */,
			);
			runOnlyForDeploymentPostprocessing = 0;
		};
/* End PBXSourcesBuildPhase section */

/* Begin XCBuildConfiguration section */
		E2D9BF481EE22B1B008AE7B8 /* Debug */ = {
			isa = XCBuildConfiguration;
			buildSettings = {
				ALWAYS_SEARCH_USER_PATHS = NO;
				CLANG_ANALYZER_NONNULL = YES;
				CLANG_ANALYZER_NUMBER_OBJECT_CONVERSION = YES_AGGRESSIVE;
				CLANG_CXX_LANGUAGE_STANDARD = "gnu++0x";
				CLANG_CXX_LIBRARY = "libc++";
				CLANG_ENABLE_MODULES = YES;
				CLANG_ENABLE_OBJC_ARC = YES;
				CLANG_WARN_BOOL_CONVERSION = YES;
				CLANG_WARN_CONSTANT_CONVERSION = YES;
				CLANG_WARN_DIRECT_OBJC_ISA_USAGE = YES_ERROR;
				CLANG_WARN_DOCUMENTATION_COMMENTS = YES;
				CLANG_WARN_EMPTY_BODY = YES;
				CLANG_WARN_ENUM_CONVERSION = YES;
				CLANG_WARN_INFINITE_RECURSION = YES;
				CLANG_WARN_INT_CONVERSION = YES;
				CLANG_WARN_OBJC_ROOT_CLASS = YES_ERROR;
				CLANG_WARN_SUSPICIOUS_MOVE = YES;
				CLANG_WARN_UNREACHABLE_CODE = YES;
				CLANG_WARN__DUPLICATE_METHOD_MATCH = YES;
				CODE_SIGN_IDENTITY = "-";
				COPY_PHASE_STRIP = NO;
				DEBUG_INFORMATION_FORMAT = dwarf;
				ENABLE_STRICT_OBJC_MSGSEND = YES;
				ENABLE_TESTABILITY = YES;
				GCC_C_LANGUAGE_STANDARD = gnu99;
				GCC_DYNAMIC_NO_PIC = NO;
				GCC_NO_COMMON_BLOCKS = YES;
				GCC_OPTIMIZATION_LEVEL = 0;
				GCC_PREPROCESSOR_DEFINITIONS = (
					"DEBUG=1",
					"$(inherited)",
				);
				GCC_WARN_64_TO_32_BIT_CONVERSION = YES;
				GCC_WARN_ABOUT_RETURN_TYPE = YES_ERROR;
				GCC_WARN_UNDECLARED_SELECTOR = YES;
				GCC_WARN_UNINITIALIZED_AUTOS = YES_AGGRESSIVE;
				GCC_WARN_UNUSED_FUNCTION = YES;
				GCC_WARN_UNUSED_VARIABLE = YES;
				MACOSX_DEPLOYMENT_TARGET = 10.12;
				MTL_ENABLE_DEBUG_INFO = YES;
				ONLY_ACTIVE_ARCH = YES;
				SDKROOT = macosx;
			};
			name = Debug;
		};
		E2D9BF491EE22B1B008AE7B8 /* Release */ = {
			isa = XCBuildConfiguration;
			buildSettings = {
				ALWAYS_SEARCH_USER_PATHS = NO;
				CLANG_ANALYZER_NONNULL = YES;
				CLANG_ANALYZER_NUMBER_OBJECT_CONVERSION = YES_AGGRESSIVE;
				CLANG_CXX_LANGUAGE_STANDARD = "gnu++0x";
				CLANG_CXX_LIBRARY = "libc++";
				CLANG_ENABLE_MODULES = YES;
				CLANG_ENABLE_OBJC_ARC = YES;
				CLANG_WARN_BOOL_CONVERSION = YES;
				CLANG_WARN_CONSTANT_CONVERSION = YES;
				CLANG_WARN_DIRECT_OBJC_ISA_USAGE = YES_ERROR;
				CLANG_WARN_DOCUMENTATION_COMMENTS = YES;
				CLANG_WARN_EMPTY_BODY = YES;
				CLANG_WARN_ENUM_CONVERSION = YES;
				CLANG_WARN_INFINITE_RECURSION = YES;
				CLANG_WARN_INT_CONVERSION = YES;
				CLANG_WARN_OBJC_ROOT_CLASS = YES_ERROR;
				CLANG_WARN_SUSPICIOUS_MOVE = YES;
				CLANG_WARN_UNREACHABLE_CODE = YES;
				CLANG_WARN__DUPLICATE_METHOD_MATCH = YES;
				CODE_SIGN_IDENTITY = "-";
				COPY_PHASE_STRIP = NO;
				DEBUG_INFORMATION_FORMAT = "dwarf-with-dsym";
				ENABLE_NS_ASSERTIONS = NO;
				ENABLE_STRICT_OBJC_MSGSEND = YES;
				GCC_C_LANGUAGE_STANDARD = gnu99;
				GCC_NO_COMMON_BLOCKS = YES;
				GCC_WARN_64_TO_32_BIT_CONVERSION = YES;
				GCC_WARN_ABOUT_RETURN_TYPE = YES_ERROR;
				GCC_WARN_UNDECLARED_SELECTOR = YES;
				GCC_WARN_UNINITIALIZED_AUTOS = YES_AGGRESSIVE;
				GCC_WARN_UNUSED_FUNCTION = YES;
				GCC_WARN_UNUSED_VARIABLE = YES;
				MACOSX_DEPLOYMENT_TARGET = 10.12;
				MTL_ENABLE_DEBUG_INFO = NO;
				SDKROOT = macosx;
			};
			name = Release;
		};
		E2D9BF4B1EE22B1B008AE7B8 /* Debug */ = {
			isa = XCBuildConfiguration;
			buildSettings = {
				DEVELOPMENT_TEAM = RY8QK375D9;
				PRODUCT_NAME = "$(TARGET_NAME)";
			};
			name = Debug;
		};
		E2D9BF4C1EE22B1B008AE7B8 /* Release */ = {
			isa = XCBuildConfiguration;
			buildSettings = {
				DEVELOPMENT_TEAM = RY8QK375D9;
				PRODUCT_NAME = "$(TARGET_NAME)";
			};
			name = Release;
		};
/* End XCBuildConfiguration section */

/* Begin XCConfigurationList section */
		E2D9BF3E1EE22B1B008AE7B8 /* Build configuration list for PBXProject "Test Product" */ = {
			isa = XCConfigurationList;
			buildConfigurations = (
				E2D9BF481EE22B1B008AE7B8 /* Debug */,
				E2D9BF491EE22B1B008AE7B8 /* Release */,
			);
			defaultConfigurationIsVisible = 0;
			defaultConfigurationName = Release;
		};
		E2D9BF4A1EE22B1B008AE7B8 /* Build configuration list for PBXNativeTarget "Test Product" */ = {
			isa = XCConfigurationList;
			buildConfigurations = (
				E2D9BF4B1EE22B1B008AE7B8 /* Debug */,
				E2D9BF4C1EE22B1B008AE7B8 /* Release */,
			);
			defaultConfigurationIsVisible = 0;
		};
/* End XCConfigurationList section */
	};
	rootObject = E2D9BF3B1EE22B1B008AE7B8 /* Project object */;
}
